github.com/zer0origin/golang-image-hashing v0.1.6 h1:HoBTH9jijhNr9R65z8+a5eG55c6gt6p0dvwuCCEnFbs=
github.com/zer0origin/golang-image-hashing v0.1.6/go.mod h1:SSlA5RSQAebuh8rWkoskqHKyzlVFrsEMgNTSdnWvTuk=
github.com/zer0origin/golang-image-hashing v0.1.7 h1:8qiYbwhKH984xSgqNY2zvAJiUtIn2r0bJxIVxefMOJM=
github.com/zer0origin/golang-image-hashing v0.1.7/go.mod h1:SSlA5RSQAebuh8rWkoskqHKyzlVFrsEMgNTSdnWvTuk=
github.com/zer0origin/golang-image-hashing v0.1.8 h1:0Gq642P50vo1UexDYQToJaN2TrcL3Np9Suchn98JJSs=
github.com/zer0origin/golang-image-hashing v0.1.8/go.mod h1:SSlA5RSQAebuh8rWkoskqHKyzlVFrsEMgNTSdnWvTuk=
